
Microsoft Visual Studio Solution File, Format Version 12.00
# Visual Studio Version 17
VisualStudioVersion = 17.3.32901.215
MinimumVisualStudioVersion = 10.0.40219.1
Project("{FAE04EC0-301F-11D3-BF4B-00C04F79EFBC}") = "Yazılı Ortalama Hesaplama", "Yazılı Ortalama Hesaplama\Yazılı Ortalama Hesaplama.csproj", "{E49B8B62-C6CA-450F-9078-8B7987869CEE}"
EndProject
Global
	GlobalSection(SolutionConfigurationPlatforms) = preSolution
		Debug|Any CPU = Debug|Any CPU
		Release|Any CPU = Release|Any CPU
	EndGlobalSection
	GlobalSection(ProjectConfigurationPlatforms) = postSolution
		{E49B8B62-C6CA-450F-9078-8B7987869CEE}.Debug|Any CPU.ActiveCfg = Debug|Any CPU
		{E49B8B62-C6CA-450F-9078-8B7987869CEE}.Debug|Any CPU.Build.0 = Debug|Any CPU
		{E49B8B62-C6CA-450F-9078-8B7987869CEE}.Release|Any CPU.ActiveCfg = Release|Any CPU
		{E49B8B62-C6CA-450F-9078-8B7987869CEE}.Release|Any CPU.Build.0 = Release|Any CPU
	EndGlobalSection
	GlobalSection(SolutionProperties) = preSolution
		HideSolutionNode = FALSE
	EndGlobalSection
	GlobalSection(ExtensibilityGlobals) = postSolution
		SolutionGuid = {5159F4C1-6F5B-4371-82E2-97C0907A9DF0}
	EndGlobalSection
EndGlobal
